
Microsoft Visual Studio Solution File, Format Version 12.00
# Visual Studio Version 17
VisualStudioVersion = 17.5.33414.496
MinimumVisualStudioVersion = 10.0.40219.1
Project("{FAE04EC0-301F-11D3-BF4B-00C04F79EFBC}") = "LengthCalculator", "LengthCalculator.csproj", "{23D62A11-CA43-4E69-8B39-9AF42C9C2AAA}"
EndProject
Global
	GlobalSection(SolutionConfigurationPlatforms) = preSolution
		Debug|Any CPU = Debug|Any CPU
		Release|Any CPU = Release|Any CPU
	EndGlobalSection
	GlobalSection(ProjectConfigurationPlatforms) = postSolution
		{23D62A11-CA43-4E69-8B39-9AF42C9C2AAA}.Debug|Any CPU.ActiveCfg = Debug|Any CPU
		{23D62A11-CA43-4E69-8B39-9AF42C9C2AAA}.Debug|Any CPU.Build.0 = Debug|Any CPU
		{23D62A11-CA43-4E69-8B39-9AF42C9C2AAA}.Release|Any CPU.ActiveCfg = Release|Any CPU
		{23D62A11-CA43-4E69-8B39-9AF42C9C2AAA}.Release|Any CPU.Build.0 = Release|Any CPU
	EndGlobalSection
	GlobalSection(SolutionProperties) = preSolution
		HideSolutionNode = FALSE
	EndGlobalSection
	GlobalSection(ExtensibilityGlobals) = postSolution
		SolutionGuid = {B4A314D7-42D2-4C2B-802A-0006967F1479}
	EndGlobalSection
EndGlobal
